Microsoft Visual Studio Solution File, Format Version 11.00
# Visual Studio 2008

Project("{4D4F57EE-695C-E54A-571E-6F94399A2B1B}") = "Vocabulary Testing", "Assembly-CSharp.csproj", "{19F266B1-A8D1-8940-C877-0DFD9B55723C}"
EndProject
Global
	GlobalSection(SolutionConfigurationPlatforms) = preSolution
		Debug|Any CPU = Debug|Any CPU
		Release|Any CPU = Release|Any CPU
	EndGlobalSection
	GlobalSection(ProjectConfigurationPlatforms) = postSolution
		{19F266B1-A8D1-8940-C877-0DFD9B55723C}.Debug|Any CPU.ActiveCfg = Debug|Any CPU
		{19F266B1-A8D1-8940-C877-0DFD9B55723C}.Debug|Any CPU.Build.0 = Debug|Any CPU
		{19F266B1-A8D1-8940-C877-0DFD9B55723C}.Release|Any CPU.ActiveCfg = Release|Any CPU
		{19F266B1-A8D1-8940-C877-0DFD9B55723C}.Release|Any CPU.Build.0 = Release|Any CPU
	EndGlobalSection
	GlobalSection(SolutionProperties) = preSolution
		HideSolutionNode = FALSE
	EndGlobalSection
	GlobalSection(MonoDevelopProperties) = preSolution
		StartupItem = Assembly-CSharp.csproj
	EndGlobalSection
EndGlobal
